{
  "name": "@apparux/agent-project-setup",
  "version": "0.1.1",
  "lockfileVersion": 3,
  "requires": true,
  "packages": {
    "": {
      "name": "@apparux/agent-project-setup",
      "version": "0.1.1",
      "license": "MIT",
      "bin": {
        "agent-project-setup": "bin/agent-project-setup.js"
      },
      "engines": {
        "node": ">=18"
      }
    }
  }
}
