{
  "name": "@apparux/agent-init",
  "version": "0.1.3-rc.1",
  "lockfileVersion": 3,
  "requires": true,
  "packages": {
    "": {
      "name": "@apparux/agent-init",
      "version": "0.1.3-rc.1",
      "license": "MIT",
      "bin": {
        "agent-init": "bin/agent-init.js"
      },
      "engines": {
        "node": ">=18"
      }
    }
  }
}
